// !$*UTF8*$!
{
	archiveVersion = 1;
	classes = {
	};
	objectVersion = 56;
	objects = {

/* Begin PBXBuildFile section */
		9E5B2FE22B019B310087990E /* RIBs in Frameworks */ = {isa = PBXBuildFile; productRef = 9E5B2FE12B019B310087990E /* RIBs */; };
		9E5B2FE72B019B490087990E /* RepoSearchRouter.swift in Sources */ = {isa = PBXBuildFile; fileRef = 9E5B2FE32B019B490087990E /* RepoSearchRouter.swift */; };
		9E5B2FE82B019B490087990E /* RepoSearchViewController.swift in Sources */ = {isa = PBXBuildFile; fileRef = 9E5B2FE42B019B490087990E /* RepoSearchViewController.swift */; };
		9E5B2FE92B019B490087990E /* RepoSearchBuilder.swift in Sources */ = {isa = PBXBuildFile; fileRef = 9E5B2FE52B019B490087990E /* RepoSearchBuilder.swift */; };
		9E5B2FEA2B019B490087990E /* RepoSearchInteractor.swift in Sources */ = {isa = PBXBuildFile; fileRef = 9E5B2FE62B019B490087990E /* RepoSearchInteractor.swift */; };
		9E5B2FEC2B019B8D0087990E /* AppComponent.swift in Sources */ = {isa = PBXBuildFile; fileRef = 9E5B2FEB2B019B8D0087990E /* AppComponent.swift */; };
		9E5B2FEE2B019D270087990E /* RepoSearchStateAction.swift in Sources */ = {isa = PBXBuildFile; fileRef = 9E5B2FED2B019D270087990E /* RepoSearchStateAction.swift */; };
		9E5B2FF12B01A8650087990E /* RepoSearchRepository.swift in Sources */ = {isa = PBXBuildFile; fileRef = 9E5B2FF02B01A8650087990E /* RepoSearchRepository.swift */; };
		9EC104C02AFD9F6B0045FAD6 /* AppDelegate.swift in Sources */ = {isa = PBXBuildFile; fileRef = 9EC104BF2AFD9F6B0045FAD6 /* AppDelegate.swift */; };
		9EC104C22AFD9F6B0045FAD6 /* SceneDelegate.swift in Sources */ = {isa = PBXBuildFile; fileRef = 9EC104C12AFD9F6B0045FAD6 /* SceneDelegate.swift */; };
		9EC104C92AFD9F6D0045FAD6 /* Assets.xcassets in Resources */ = {isa = PBXBuildFile; fileRef = 9EC104C82AFD9F6D0045FAD6 /* Assets.xcassets */; };
		9EC104CC2AFD9F6D0045FAD6 /* LaunchScreen.storyboard in Resources */ = {isa = PBXBuildFile; fileRef = 9EC104CA2AFD9F6D0045FAD6 /* LaunchScreen.storyboard */; };
		9EC104D72AFD9F6D0045FAD6 /* GithubSearchTests.swift in Sources */ = {isa = PBXBuildFile; fileRef = 9EC104D62AFD9F6D0045FAD6 /* GithubSearchTests.swift */; };
		9EC104E12AFD9F6D0045FAD6 /* GithubSearchUITests.swift in Sources */ = {isa = PBXBuildFile; fileRef = 9EC104E02AFD9F6D0045FAD6 /* GithubSearchUITests.swift */; };
		9EC104E32AFD9F6D0045FAD6 /* GithubSearchUITestsLaunchTests.swift in Sources */ = {isa = PBXBuildFile; fileRef = 9EC104E22AFD9F6D0045FAD6 /* GithubSearchUITestsLaunchTests.swift */; };
		9EC104F32AFDA0100045FAD6 /* GithubSearchViewController.swift in Sources */ = {isa = PBXBuildFile; fileRef = 9EC104F22AFDA0100045FAD6 /* GithubSearchViewController.swift */; };
		9EC104F62AFDA0390045FAD6 /* SnapKit in Frameworks */ = {isa = PBXBuildFile; productRef = 9EC104F52AFDA0390045FAD6 /* SnapKit */; };
		9EC104F92AFDA04B0045FAD6 /* ReactorKit in Frameworks */ = {isa = PBXBuildFile; productRef = 9EC104F82AFDA04B0045FAD6 /* ReactorKit */; };
		9EC104FC2AFDA06D0045FAD6 /* RxCocoa in Frameworks */ = {isa = PBXBuildFile; productRef = 9EC104FB2AFDA06D0045FAD6 /* RxCocoa */; };
		9EC104FE2AFDA8F70045FAD6 /* GithubSearchReactor.swift in Sources */ = {isa = PBXBuildFile; fileRef = 9EC104FD2AFDA8F70045FAD6 /* GithubSearchReactor.swift */; };
		9EC105002AFDAA070045FAD6 /* GithubSearchCell.swift in Sources */ = {isa = PBXBuildFile; fileRef = 9EC104FF2AFDAA070045FAD6 /* GithubSearchCell.swift */; };
		9EC105032AFDB32D0045FAD6 /* Alamofire in Frameworks */ = {isa = PBXBuildFile; productRef = 9EC105022AFDB32D0045FAD6 /* Alamofire */; };
/* End PBXBuildFile section */

/* Begin PBXContainerItemProxy section */
		9EC104D32AFD9F6D0045FAD6 /* PBXContainerItemProxy */ = {
			isa = PBXContainerItemProxy;
			containerPortal = 9EC104B42AFD9F6B0045FAD6 /* Project object */;
			proxyType = 1;
			remoteGlobalIDString = 9EC104BB2AFD9F6B0045FAD6;
			remoteInfo = GithubSearch;
		};
		9EC104DD2AFD9F6D0045FAD6 /* PBXContainerItemProxy */ = {
			isa = PBXContainerItemProxy;
			containerPortal = 9EC104B42AFD9F6B0045FAD6 /* Project object */;
			proxyType = 1;
			remoteGlobalIDString = 9EC104BB2AFD9F6B0045FAD6;
			remoteInfo = GithubSearch;
		};
/* End PBXContainerItemProxy section */

/* Begin PBXFileReference section */
		9E5B2FE32B019B490087990E /* RepoSearchRouter.swift */ = {isa = PBXFileReference; lastKnownFileType = sourcecode.swift; path = RepoSearchRouter.swift; sourceTree = "<group>"; };
		9E5B2FE42B019B490087990E /* RepoSearchViewController.swift */ = {isa = PBXFileReference; lastKnownFileType = sourcecode.swift; path = RepoSearchViewController.swift; sourceTree = "<group>"; };
		9E5B2FE52B019B490087990E /* RepoSearchBuilder.swift */ = {isa = PBXFileReference; lastKnownFileType = sourcecode.swift; path = RepoSearchBuilder.swift; sourceTree = "<group>"; };
		9E5B2FE62B019B490087990E /* RepoSearchInteractor.swift */ = {isa = PBXFileReference; lastKnownFileType = sourcecode.swift; path = RepoSearchInteractor.swift; sourceTree = "<group>"; };
		9E5B2FEB2B019B8D0087990E /* AppComponent.swift */ = {isa = PBXFileReference; lastKnownFileType = sourcecode.swift; path = AppComponent.swift; sourceTree = "<group>"; };
		9E5B2FED2B019D270087990E /* RepoSearchStateAction.swift */ = {isa = PBXFileReference; lastKnownFileType = sourcecode.swift; path = RepoSearchStateAction.swift; sourceTree = "<group>"; };
		9E5B2FF02B01A8650087990E /* RepoSearchRepository.swift */ = {isa = PBXFileReference; lastKnownFileType = sourcecode.swift; path = RepoSearchRepository.swift; sourceTree = "<group>"; };
		9EC104BC2AFD9F6B0045FAD6 /* GithubSearch.app */ = {isa = PBXFileReference; explicitFileType = wrapper.application; includeInIndex = 0; path = GithubSearch.app; sourceTree = BUILT_PRODUCTS_DIR; };
		9EC104BF2AFD9F6B0045FAD6 /* AppDelegate.swift */ = {isa = PBXFileReference; lastKnownFileType = sourcecode.swift; path = AppDelegate.swift; sourceTree = "<group>"; };
		9EC104C12AFD9F6B0045FAD6 /* SceneDelegate.swift */ = {isa = PBXFileReference; lastKnownFileType = sourcecode.swift; path = SceneDelegate.swift; sourceTree = "<group>"; };
		9EC104C82AFD9F6D0045FAD6 /* Assets.xcassets */ = {isa = PBXFileReference; lastKnownFileType = folder.assetcatalog; path = Assets.xcassets; sourceTree = "<group>"; };
		9EC104CB2AFD9F6D0045FAD6 /* Base */ = {isa = PBXFileReference; lastKnownFileType = file.storyboard; name = Base; path = Base.lproj/LaunchScreen.storyboard; sourceTree = "<group>"; };
		9EC104CD2AFD9F6D0045FAD6 /* Info.plist */ = {isa = PBXFileReference; lastKnownFileType = text.plist.xml; path = Info.plist; sourceTree = "<group>"; };
		9EC104D22AFD9F6D0045FAD6 /* GithubSearchTests.xctest */ = {isa = PBXFileReference; explicitFileType = wrapper.cfbundle; includeInIndex = 0; path = GithubSearchTests.xctest; sourceTree = BUILT_PRODUCTS_DIR; };
		9EC104D62AFD9F6D0045FAD6 /* GithubSearchTests.swift */ = {isa = PBXFileReference; lastKnownFileType = sourcecode.swift; path = GithubSearchTests.swift; sourceTree = "<group>"; };
		9EC104DC2AFD9F6D0045FAD6 /* GithubSearchUITests.xctest */ = {isa = PBXFileReference; explicitFileType = wrapper.cfbundle; includeInIndex = 0; path = GithubSearchUITests.xctest; sourceTree = BUILT_PRODUCTS_DIR; };
		9EC104E02AFD9F6D0045FAD6 /* GithubSearchUITests.swift */ = {isa = PBXFileReference; lastKnownFileType = sourcecode.swift; path = GithubSearchUITests.swift; sourceTree = "<group>"; };
		9EC104E22AFD9F6D0045FAD6 /* GithubSearchUITestsLaunchTests.swift */ = {isa = PBXFileReference; lastKnownFileType = sourcecode.swift; path = GithubSearchUITestsLaunchTests.swift; sourceTree = "<group>"; };
		9EC104F22AFDA0100045FAD6 /* GithubSearchViewController.swift */ = {isa = PBXFileReference; lastKnownFileType = sourcecode.swift; path = GithubSearchViewController.swift; sourceTree = "<group>"; };
		9EC104FD2AFDA8F70045FAD6 /* GithubSearchReactor.swift */ = {isa = PBXFileReference; lastKnownFileType = sourcecode.swift; path = GithubSearchReactor.swift; sourceTree = "<group>"; };
		9EC104FF2AFDAA070045FAD6 /* GithubSearchCell.swift */ = {isa = PBXFileReference; lastKnownFileType = sourcecode.swift; path = GithubSearchCell.swift; sourceTree = "<group>"; };
/* End PBXFileReference section */

/* Begin PBXFrameworksBuildPhase section */
		9EC104B92AFD9F6B0045FAD6 /* Frameworks */ = {
			isa = PBXFrameworksBuildPhase;
			buildActionMask = 2147483647;
			files = (
				9E5B2FE22B019B310087990E /* RIBs in Frameworks */,
				9EC104FC2AFDA06D0045FAD6 /* RxCocoa in Frameworks */,
				9EC105032AFDB32D0045FAD6 /* Alamofire in Frameworks */,
				9EC104F92AFDA04B0045FAD6 /* ReactorKit in Frameworks */,
				9EC104F62AFDA0390045FAD6 /* SnapKit in Frameworks */,
			);
			runOnlyForDeploymentPostprocessing = 0;
		};
		9EC104CF2AFD9F6D0045FAD6 /* Frameworks */ = {
			isa = PBXFrameworksBuildPhase;
			buildActionMask = 2147483647;
			files = (
			);
			runOnlyForDeploymentPostprocessing = 0;
		};
		9EC104D92AFD9F6D0045FAD6 /* Frameworks */ = {
			isa = PBXFrameworksBuildPhase;
			buildActionMask = 2147483647;
			files = (
			);
			runOnlyForDeploymentPostprocessing = 0;
		};
/* End PBXFrameworksBuildPhase section */

/* Begin PBXGroup section */
		9E5B2FDF2B019B1C0087990E /* RepoSearch */ = {
			isa = PBXGroup;
			children = (
				9E5B2FE32B019B490087990E /* RepoSearchRouter.swift */,
				9E5B2FE42B019B490087990E /* RepoSearchViewController.swift */,
				9E5B2FE52B019B490087990E /* RepoSearchBuilder.swift */,
				9E5B2FE62B019B490087990E /* RepoSearchInteractor.swift */,
				9E5B2FED2B019D270087990E /* RepoSearchStateAction.swift */,
			);
			path = RepoSearch;
			sourceTree = "<group>";
		};
		9E5B2FEF2B01A8430087990E /* Repository */ = {
			isa = PBXGroup;
			children = (
				9E5B2FF02B01A8650087990E /* RepoSearchRepository.swift */,
			);
			path = Repository;
			sourceTree = "<group>";
		};
		9EC104B32AFD9F6B0045FAD6 = {
			isa = PBXGroup;
			children = (
				9EC104BE2AFD9F6B0045FAD6 /* GithubSearch */,
				9EC104D52AFD9F6D0045FAD6 /* GithubSearchTests */,
				9EC104DF2AFD9F6D0045FAD6 /* GithubSearchUITests */,
				9EC104BD2AFD9F6B0045FAD6 /* Products */,
			);
			sourceTree = "<group>";
		};
		9EC104BD2AFD9F6B0045FAD6 /* Products */ = {
			isa = PBXGroup;
			children = (
				9EC104BC2AFD9F6B0045FAD6 /* GithubSearch.app */,
				9EC104D22AFD9F6D0045FAD6 /* GithubSearchTests.xctest */,
				9EC104DC2AFD9F6D0045FAD6 /* GithubSearchUITests.xctest */,
			);
			name = Products;
			sourceTree = "<group>";
		};
		9EC104BE2AFD9F6B0045FAD6 /* GithubSearch */ = {
			isa = PBXGroup;
			children = (
				9E5B2FEF2B01A8430087990E /* Repository */,
				9E5B2FDF2B019B1C0087990E /* RepoSearch */,
				9EC104F12AFD9FF60045FAD6 /* GithubSearch */,
				9EC104F02AFD9F7C0045FAD6 /* Resource */,
				9EC104EF2AFD9F720045FAD6 /* AppStart */,
				9EC104CD2AFD9F6D0045FAD6 /* Info.plist */,
			);
			path = GithubSearch;
			sourceTree = "<group>";
		};
		9EC104D52AFD9F6D0045FAD6 /* GithubSearchTests */ = {
			isa = PBXGroup;
			children = (
				9EC104D62AFD9F6D0045FAD6 /* GithubSearchTests.swift */,
			);
			path = GithubSearchTests;
			sourceTree = "<group>";
		};
		9EC104DF2AFD9F6D0045FAD6 /* GithubSearchUITests */ = {
			isa = PBXGroup;
			children = (
				9EC104E02AFD9F6D0045FAD6 /* GithubSearchUITests.swift */,
				9EC104E22AFD9F6D0045FAD6 /* GithubSearchUITestsLaunchTests.swift */,
			);
			path = GithubSearchUITests;
			sourceTree = "<group>";
		};
		9EC104EF2AFD9F720045FAD6 /* AppStart */ = {
			isa = PBXGroup;
			children = (
				9EC104BF2AFD9F6B0045FAD6 /* AppDelegate.swift */,
				9EC104C12AFD9F6B0045FAD6 /* SceneDelegate.swift */,
				9E5B2FEB2B019B8D0087990E /* AppComponent.swift */,
			);
			path = AppStart;
			sourceTree = "<group>";
		};
		9EC104F02AFD9F7C0045FAD6 /* Resource */ = {
			isa = PBXGroup;
			children = (
				9EC104CA2AFD9F6D0045FAD6 /* LaunchScreen.storyboard */,
				9EC104C82AFD9F6D0045FAD6 /* Assets.xcassets */,
			);
			path = Resource;
			sourceTree = "<group>";
		};
		9EC104F12AFD9FF60045FAD6 /* GithubSearch */ = {
			isa = PBXGroup;
			children = (
				9EC104F22AFDA0100045FAD6 /* GithubSearchViewController.swift */,
				9EC104FD2AFDA8F70045FAD6 /* GithubSearchReactor.swift */,
				9EC104FF2AFDAA070045FAD6 /* GithubSearchCell.swift */,
			);
			path = GithubSearch;
			sourceTree = "<group>";
		};
/* End PBXGroup section */

/* Begin PBXNativeTarget section */
		9EC104BB2AFD9F6B0045FAD6 /* GithubSearch */ = {
			isa = PBXNativeTarget;
			buildConfigurationList = 9EC104E62AFD9F6D0045FAD6 /* Build configuration list for PBXNativeTarget "GithubSearch" */;
			buildPhases = (
				9EC104B82AFD9F6B0045FAD6 /* Sources */,
				9EC104B92AFD9F6B0045FAD6 /* Frameworks */,
				9EC104BA2AFD9F6B0045FAD6 /* Resources */,
			);
			buildRules = (
			);
			dependencies = (
			);
			name = GithubSearch;
			packageProductDependencies = (
				9EC104F52AFDA0390045FAD6 /* SnapKit */,
				9EC104F82AFDA04B0045FAD6 /* ReactorKit */,
				9EC104FB2AFDA06D0045FAD6 /* RxCocoa */,
				9EC105022AFDB32D0045FAD6 /* Alamofire */,
				9E5B2FE12B019B310087990E /* RIBs */,
			);
			productName = GithubSearch;
			productReference = 9EC104BC2AFD9F6B0045FAD6 /* GithubSearch.app */;
			productType = "com.apple.product-type.application";
		};
		9EC104D12AFD9F6D0045FAD6 /* GithubSearchTests */ = {
			isa = PBXNativeTarget;
			buildConfigurationList = 9EC104E92AFD9F6D0045FAD6 /* Build configuration list for PBXNativeTarget "GithubSearchTests" */;
			buildPhases = (
				9EC104CE2AFD9F6D0045FAD6 /* Sources */,
				9EC104CF2AFD9F6D0045FAD6 /* Frameworks */,
				9EC104D02AFD9F6D0045FAD6 /* Resources */,
			);
			buildRules = (
			);
			dependencies = (
				9EC104D42AFD9F6D0045FAD6 /* PBXTargetDependency */,
			);
			name = GithubSearchTests;
			productName = GithubSearchTests;
			productReference = 9EC104D22AFD9F6D0045FAD6 /* GithubSearchTests.xctest */;
			productType = "com.apple.product-type.bundle.unit-test";
		};
		9EC104DB2AFD9F6D0045FAD6 /* GithubSearchUITests */ = {
			isa = PBXNativeTarget;
			buildConfigurationList = 9EC104EC2AFD9F6D0045FAD6 /* Build configuration list for PBXNativeTarget "GithubSearchUITests" */;
			buildPhases = (
				9EC104D82AFD9F6D0045FAD6 /* Sources */,
				9EC104D92AFD9F6D0045FAD6 /* Frameworks */,
				9EC104DA2AFD9F6D0045FAD6 /* Resources */,
			);
			buildRules = (
			);
			dependencies = (
				9EC104DE2AFD9F6D0045FAD6 /* PBXTargetDependency */,
			);
			name = GithubSearchUITests;
			productName = GithubSearchUITests;
			productReference = 9EC104DC2AFD9F6D0045FAD6 /* GithubSearchUITests.xctest */;
			productType = "com.apple.product-type.bundle.ui-testing";
		};
/* End PBXNativeTarget section */

/* Begin PBXProject section */
		9EC104B42AFD9F6B0045FAD6 /* Project object */ = {
			isa = PBXProject;
			attributes = {
				BuildIndependentTargetsInParallel = 1;
				LastSwiftUpdateCheck = 1500;
				LastUpgradeCheck = 1500;
				TargetAttributes = {
					9EC104BB2AFD9F6B0045FAD6 = {
						CreatedOnToolsVersion = 15.0.1;
					};
					9EC104D12AFD9F6D0045FAD6 = {
						CreatedOnToolsVersion = 15.0.1;
						TestTargetID = 9EC104BB2AFD9F6B0045FAD6;
					};
					9EC104DB2AFD9F6D0045FAD6 = {
						CreatedOnToolsVersion = 15.0.1;
						TestTargetID = 9EC104BB2AFD9F6B0045FAD6;
					};
				};
			};
			buildConfigurationList = 9EC104B72AFD9F6B0045FAD6 /* Build configuration list for PBXProject "GithubSearch" */;
			compatibilityVersion = "Xcode 14.0";
			developmentRegion = en;
			hasScannedForEncodings = 0;
			knownRegions = (
				en,
				Base,
			);
			mainGroup = 9EC104B32AFD9F6B0045FAD6;
			packageReferences = (
				9EC104F42AFDA0390045FAD6 /* XCRemoteSwiftPackageReference "SnapKit" */,
				9EC104F72AFDA04B0045FAD6 /* XCRemoteSwiftPackageReference "ReactorKit" */,
				9EC104FA2AFDA06D0045FAD6 /* XCRemoteSwiftPackageReference "RxSwift" */,
				9EC105012AFDB32D0045FAD6 /* XCRemoteSwiftPackageReference "Alamofire" */,
				9E5B2FE02B019B310087990E /* XCRemoteSwiftPackageReference "RIBs" */,
			);
			productRefGroup = 9EC104BD2AFD9F6B0045FAD6 /* Products */;
			projectDirPath = "";
			projectRoot = "";
			targets = (
				9EC104BB2AFD9F6B0045FAD6 /* GithubSearch */,
				9EC104D12AFD9F6D0045FAD6 /* GithubSearchTests */,
				9EC104DB2AFD9F6D0045FAD6 /* GithubSearchUITests */,
			);
		};
/* End PBXProject section */

/* Begin PBXResourcesBuildPhase section */
		9EC104BA2AFD9F6B0045FAD6 /* Resources */ = {
			isa = PBXResourcesBuildPhase;
			buildActionMask = 2147483647;
			files = (
				9EC104CC2AFD9F6D0045FAD6 /* LaunchScreen.storyboard in Resources */,
				9EC104C92AFD9F6D0045FAD6 /* Assets.xcassets in Resources */,
			);
			runOnlyForDeploymentPostprocessing = 0;
		};
		9EC104D02AFD9F6D0045FAD6 /* Resources */ = {
			isa = PBXResourcesBuildPhase;
			buildActionMask = 2147483647;
			files = (
			);
			runOnlyForDeploymentPostprocessing = 0;
		};
		9EC104DA2AFD9F6D0045FAD6 /* Resources */ = {
			isa = PBXResourcesBuildPhase;
			buildActionMask = 2147483647;
			files = (
			);
			runOnlyForDeploymentPostprocessing = 0;
		};
/* End PBXResourcesBuildPhase section */

/* Begin PBXSourcesBuildPhase section */
		9EC104B82AFD9F6B0045FAD6 /* Sources */ = {
			isa = PBXSourcesBuildPhase;
			buildActionMask = 2147483647;
			files = (
				9E5B2FE82B019B490087990E /* RepoSearchViewController.swift in Sources */,
				9EC104C02AFD9F6B0045FAD6 /* AppDelegate.swift in Sources */,
				9EC104FE2AFDA8F70045FAD6 /* GithubSearchReactor.swift in Sources */,
				9E5B2FEA2B019B490087990E /* RepoSearchInteractor.swift in Sources */,
				9E5B2FE72B019B490087990E /* RepoSearchRouter.swift in Sources */,
				9E5B2FEE2B019D270087990E /* RepoSearchStateAction.swift in Sources */,
				9E5B2FEC2B019B8D0087990E /* AppComponent.swift in Sources */,
				9EC104C22AFD9F6B0045FAD6 /* SceneDelegate.swift in Sources */,
				9E5B2FE92B019B490087990E /* RepoSearchBuilder.swift in Sources */,
				9E5B2FF12B01A8650087990E /* RepoSearchRepository.swift in Sources */,
				9EC105002AFDAA070045FAD6 /* GithubSearchCell.swift in Sources */,
				9EC104F32AFDA0100045FAD6 /* GithubSearchViewController.swift in Sources */,
			);
			runOnlyForDeploymentPostprocessing = 0;
		};
		9EC104CE2AFD9F6D0045FAD6 /* Sources */ = {
			isa = PBXSourcesBuildPhase;
			buildActionMask = 2147483647;
			files = (
				9EC104D72AFD9F6D0045FAD6 /* GithubSearchTests.swift in Sources */,
			);
			runOnlyForDeploymentPostprocessing = 0;
		};
		9EC104D82AFD9F6D0045FAD6 /* Sources */ = {
			isa = PBXSourcesBuildPhase;
			buildActionMask = 2147483647;
			files = (
				9EC104E12AFD9F6D0045FAD6 /* GithubSearchUITests.swift in Sources */,
				9EC104E32AFD9F6D0045FAD6 /* GithubSearchUITestsLaunchTests.swift in Sources */,
			);
			runOnlyForDeploymentPostprocessing = 0;
		};
/* End PBXSourcesBuildPhase section */

/* Begin PBXTargetDependency section */
		9EC104D42AFD9F6D0045FAD6 /* PBXTargetDependency */ = {
			isa = PBXTargetDependency;
			target = 9EC104BB2AFD9F6B0045FAD6 /* GithubSearch */;
			targetProxy = 9EC104D32AFD9F6D0045FAD6 /* PBXContainerItemProxy */;
		};
		9EC104DE2AFD9F6D0045FAD6 /* PBXTargetDependency */ = {
			isa = PBXTargetDependency;
			target = 9EC104BB2AFD9F6B0045FAD6 /* GithubSearch */;
			targetProxy = 9EC104DD2AFD9F6D0045FAD6 /* PBXContainerItemProxy */;
		};
/* End PBXTargetDependency section */

/* Begin PBXVariantGroup section */
		9EC104CA2AFD9F6D0045FAD6 /* LaunchScreen.storyboard */ = {
			isa = PBXVariantGroup;
			children = (
				9EC104CB2AFD9F6D0045FAD6 /* Base */,
			);
			name = LaunchScreen.storyboard;
			sourceTree = "<group>";
		};
/* End PBXVariantGroup section */

/* Begin XCBuildConfiguration section */
		9EC104E42AFD9F6D0045FAD6 /* Debug */ = {
			isa = XCBuildConfiguration;
			buildSettings = {
				ALWAYS_SEARCH_USER_PATHS = NO;
				ASSETCATALOG_COMPILER_GENERATE_SWIFT_ASSET_SYMBOL_EXTENSIONS = YES;
				CLANG_ANALYZER_NONNULL = YES;
				CLANG_ANALYZER_NUMBER_OBJECT_CONVERSION = YES_AGGRESSIVE;
				CLANG_CXX_LANGUAGE_STANDARD = "gnu++20";
				CLANG_ENABLE_MODULES = YES;
				CLANG_ENABLE_OBJC_ARC = YES;
				CLANG_ENABLE_OBJC_WEAK = YES;
				CLANG_WARN_BLOCK_CAPTURE_AUTORELEASING = YES;
				CLANG_WARN_BOOL_CONVERSION = YES;
				CLANG_WARN_COMMA = YES;
				CLANG_WARN_CONSTANT_CONVERSION = YES;
				CLANG_WARN_DEPRECATED_OBJC_IMPLEMENTATIONS = YES;
				CLANG_WARN_DIRECT_OBJC_ISA_USAGE = YES_ERROR;
				CLANG_WARN_DOCUMENTATION_COMMENTS = YES;
				CLANG_WARN_EMPTY_BODY = YES;
				CLANG_WARN_ENUM_CONVERSION = YES;
				CLANG_WARN_INFINITE_RECURSION = YES;
				CLANG_WARN_INT_CONVERSION = YES;
				CLANG_WARN_NON_LITERAL_NULL_CONVERSION = YES;
				CLANG_WARN_OBJC_IMPLICIT_RETAIN_SELF = YES;
				CLANG_WARN_OBJC_LITERAL_CONVERSION = YES;
				CLANG_WARN_OBJC_ROOT_CLASS = YES_ERROR;
				CLANG_WARN_QUOTED_INCLUDE_IN_FRAMEWORK_HEADER = YES;
				CLANG_WARN_RANGE_LOOP_ANALYSIS = YES;
				CLANG_WARN_STRICT_PROTOTYPES = YES;
				CLANG_WARN_SUSPICIOUS_MOVE = YES;
				CLANG_WARN_UNGUARDED_AVAILABILITY = YES_AGGRESSIVE;
				CLANG_WARN_UNREACHABLE_CODE = YES;
				CLANG_WARN__DUPLICATE_METHOD_MATCH = YES;
				COPY_PHASE_STRIP = NO;
				DEBUG_INFORMATION_FORMAT = dwarf;
				ENABLE_STRICT_OBJC_MSGSEND = YES;
				ENABLE_TESTABILITY = YES;
				ENABLE_USER_SCRIPT_SANDBOXING = YES;
				GCC_C_LANGUAGE_STANDARD = gnu17;
				GCC_DYNAMIC_NO_PIC = NO;
				GCC_NO_COMMON_BLOCKS = YES;
				GCC_OPTIMIZATION_LEVEL = 0;
				GCC_PREPROCESSOR_DEFINITIONS = (
					"DEBUG=1",
					"$(inherited)",
				);
				GCC_WARN_64_TO_32_BIT_CONVERSION = YES;
				GCC_WARN_ABOUT_RETURN_TYPE = YES_ERROR;
				GCC_WARN_UNDECLARED_SELECTOR = YES;
				GCC_WARN_UNINITIALIZED_AUTOS = YES_AGGRESSIVE;
				GCC_WARN_UNUSED_FUNCTION = YES;
				GCC_WARN_UNUSED_VARIABLE = YES;
				IPHONEOS_DEPLOYMENT_TARGET = 17.0;
				LOCALIZATION_PREFERS_STRING_CATALOGS = YES;
				MTL_ENABLE_DEBUG_INFO = INCLUDE_SOURCE;
				MTL_FAST_MATH = YES;
				ONLY_ACTIVE_ARCH = YES;
				SDKROOT = iphoneos;
				SWIFT_ACTIVE_COMPILATION_CONDITIONS = "DEBUG $(inherited)";
				SWIFT_OPTIMIZATION_LEVEL = "-Onone";
			};
			name = Debug;
		};
		9EC104E52AFD9F6D0045FAD6 /* Release */ = {
			isa = XCBuildConfiguration;
			buildSettings = {
				ALWAYS_SEARCH_USER_PATHS = NO;
				ASSETCATALOG_COMPILER_GENERATE_SWIFT_ASSET_SYMBOL_EXTENSIONS = YES;
				CLANG_ANALYZER_NONNULL = YES;
				CLANG_ANALYZER_NUMBER_OBJECT_CONVERSION = YES_AGGRESSIVE;
				CLANG_CXX_LANGUAGE_STANDARD = "gnu++20";
				CLANG_ENABLE_MODULES = YES;
				CLANG_ENABLE_OBJC_ARC = YES;
				CLANG_ENABLE_OBJC_WEAK = YES;
				CLANG_WARN_BLOCK_CAPTURE_AUTORELEASING = YES;
				CLANG_WARN_BOOL_CONVERSION = YES;
				CLANG_WARN_COMMA = YES;
				CLANG_WARN_CONSTANT_CONVERSION = YES;
				CLANG_WARN_DEPRECATED_OBJC_IMPLEMENTATIONS = YES;
				CLANG_WARN_DIRECT_OBJC_ISA_USAGE = YES_ERROR;
				CLANG_WARN_DOCUMENTATION_COMMENTS = YES;
				CLANG_WARN_EMPTY_BODY = YES;
				CLANG_WARN_ENUM_CONVERSION = YES;
				CLANG_WARN_INFINITE_RECURSION = YES;
				CLANG_WARN_INT_CONVERSION = YES;
				CLANG_WARN_NON_LITERAL_NULL_CONVERSION = YES;
				CLANG_WARN_OBJC_IMPLICIT_RETAIN_SELF = YES;
				CLANG_WARN_OBJC_LITERAL_CONVERSION = YES;
				CLANG_WARN_OBJC_ROOT_CLASS = YES_ERROR;
				CLANG_WARN_QUOTED_INCLUDE_IN_FRAMEWORK_HEADER = YES;
				CLANG_WARN_RANGE_LOOP_ANALYSIS = YES;
				CLANG_WARN_STRICT_PROTOTYPES = YES;
				CLANG_WARN_SUSPICIOUS_MOVE = YES;
				CLANG_WARN_UNGUARDED_AVAILABILITY = YES_AGGRESSIVE;
				CLANG_WARN_UNREACHABLE_CODE = YES;
				CLANG_WARN__DUPLICATE_METHOD_MATCH = YES;
				COPY_PHASE_STRIP = NO;
				DEBUG_INFORMATION_FORMAT = "dwarf-with-dsym";
				ENABLE_NS_ASSERTIONS = NO;
				ENABLE_STRICT_OBJC_MSGSEND = YES;
				ENABLE_USER_SCRIPT_SANDBOXING = YES;
				GCC_C_LANGUAGE_STANDARD = gnu17;
				GCC_NO_COMMON_BLOCKS = YES;
				GCC_WARN_64_TO_32_BIT_CONVERSION = YES;
				GCC_WARN_ABOUT_RETURN_TYPE = YES_ERROR;
				GCC_WARN_UNDECLARED_SELECTOR = YES;
				GCC_WARN_UNINITIALIZED_AUTOS = YES_AGGRESSIVE;
				GCC_WARN_UNUSED_FUNCTION = YES;
				GCC_WARN_UNUSED_VARIABLE = YES;
				IPHONEOS_DEPLOYMENT_TARGET = 17.0;
				LOCALIZATION_PREFERS_STRING_CATALOGS = YES;
				MTL_ENABLE_DEBUG_INFO = NO;
				MTL_FAST_MATH = YES;
				SDKROOT = iphoneos;
				SWIFT_COMPILATION_MODE = wholemodule;
				VALIDATE_PRODUCT = YES;
			};
			name = Release;
		};
		9EC104E72AFD9F6D0045FAD6 /* Debug */ = {
			isa = XCBuildConfiguration;
			buildSettings = {
				ASSETCATALOG_COMPILER_APPICON_NAME = AppIcon;
				ASSETCATALOG_COMPILER_GLOBAL_ACCENT_COLOR_NAME = AccentColor;
				CODE_SIGN_STYLE = Automatic;
				CURRENT_PROJECT_VERSION = 1;
				DEVELOPMENT_TEAM = PU64TS56AD;
				GENERATE_INFOPLIST_FILE = YES;
				INFOPLIST_FILE = GithubSearch/Info.plist;
				INFOPLIST_KEY_UIApplicationSupportsIndirectInputEvents = YES;
				INFOPLIST_KEY_UILaunchStoryboardName = LaunchScreen;
				INFOPLIST_KEY_UISupportedInterfaceOrientations_iPad = "UIInterfaceOrientationPortrait UIInterfaceOrientationPortraitUpsideDown UIInterfaceOrientationLandscapeLeft UIInterfaceOrientationLandscapeRight";
				INFOPLIST_KEY_UISupportedInterfaceOrientations_iPhone = "UIInterfaceOrientationPortrait UIInterfaceOrientationLandscapeLeft UIInterfaceOrientationLandscapeRight";
				LD_RUNPATH_SEARCH_PATHS = (
					"$(inherited)",
					"@executable_path/Frameworks",
				);
				MARKETING_VERSION = 1.0;
				PRODUCT_BUNDLE_IDENTIFIER = com.soyeon.GithubSearch;
				PRODUCT_NAME = "$(TARGET_NAME)";
				SWIFT_EMIT_LOC_STRINGS = YES;
				SWIFT_VERSION = 5.0;
				TARGETED_DEVICE_FAMILY = "1,2";
			};
			name = Debug;
		};
		9EC104E82AFD9F6D0045FAD6 /* Release */ = {
			isa = XCBuildConfiguration;
			buildSettings = {
				ASSETCATALOG_COMPILER_APPICON_NAME = AppIcon;
				ASSETCATALOG_COMPILER_GLOBAL_ACCENT_COLOR_NAME = AccentColor;
				CODE_SIGN_STYLE = Automatic;
				CURRENT_PROJECT_VERSION = 1;
				DEVELOPMENT_TEAM = PU64TS56AD;
				GENERATE_INFOPLIST_FILE = YES;
				INFOPLIST_FILE = GithubSearch/Info.plist;
				INFOPLIST_KEY_UIApplicationSupportsIndirectInputEvents = YES;
				INFOPLIST_KEY_UILaunchStoryboardName = LaunchScreen;
				INFOPLIST_KEY_UISupportedInterfaceOrientations_iPad = "UIInterfaceOrientationPortrait UIInterfaceOrientationPortraitUpsideDown UIInterfaceOrientationLandscapeLeft UIInterfaceOrientationLandscapeRight";
				INFOPLIST_KEY_UISupportedInterfaceOrientations_iPhone = "UIInterfaceOrientationPortrait UIInterfaceOrientationLandscapeLeft UIInterfaceOrientationLandscapeRight";
				LD_RUNPATH_SEARCH_PATHS = (
					"$(inherited)",
					"@executable_path/Frameworks",
				);
				MARKETING_VERSION = 1.0;
				PRODUCT_BUNDLE_IDENTIFIER = com.soyeon.GithubSearch;
				PRODUCT_NAME = "$(TARGET_NAME)";
				SWIFT_EMIT_LOC_STRINGS = YES;
				SWIFT_VERSION = 5.0;
				TARGETED_DEVICE_FAMILY = "1,2";
			};
			name = Release;
		};
		9EC104EA2AFD9F6D0045FAD6 /* Debug */ = {
			isa = XCBuildConfiguration;
			buildSettings = {
				ALWAYS_EMBED_SWIFT_STANDARD_LIBRARIES = YES;
				BUNDLE_LOADER = "$(TEST_HOST)";
				CODE_SIGN_STYLE = Automatic;
				CURRENT_PROJECT_VERSION = 1;
				DEVELOPMENT_TEAM = PU64TS56AD;
				GENERATE_INFOPLIST_FILE = YES;
				IPHONEOS_DEPLOYMENT_TARGET = 17.0;
				MARKETING_VERSION = 1.0;
				PRODUCT_BUNDLE_IDENTIFIER = com.soyeon.GithubSearchTests;
				PRODUCT_NAME = "$(TARGET_NAME)";
				SWIFT_EMIT_LOC_STRINGS = NO;
				SWIFT_VERSION = 5.0;
				TARGETED_DEVICE_FAMILY = "1,2";
				TEST_HOST = "$(BUILT_PRODUCTS_DIR)/GithubSearch.app/$(BUNDLE_EXECUTABLE_FOLDER_PATH)/GithubSearch";
			};
			name = Debug;
		};
		9EC104EB2AFD9F6D0045FAD6 /* Release */ = {
			isa = XCBuildConfiguration;
			buildSettings = {
				ALWAYS_EMBED_SWIFT_STANDARD_LIBRARIES = YES;
				BUNDLE_LOADER = "$(TEST_HOST)";
				CODE_SIGN_STYLE = Automatic;
				CURRENT_PROJECT_VERSION = 1;
				DEVELOPMENT_TEAM = PU64TS56AD;
				GENERATE_INFOPLIST_FILE = YES;
				IPHONEOS_DEPLOYMENT_TARGET = 17.0;
				MARKETING_VERSION = 1.0;
				PRODUCT_BUNDLE_IDENTIFIER = com.soyeon.GithubSearchTests;
				PRODUCT_NAME = "$(TARGET_NAME)";
				SWIFT_EMIT_LOC_STRINGS = NO;
				SWIFT_VERSION = 5.0;
				TARGETED_DEVICE_FAMILY = "1,2";
				TEST_HOST = "$(BUILT_PRODUCTS_DIR)/GithubSearch.app/$(BUNDLE_EXECUTABLE_FOLDER_PATH)/GithubSearch";
			};
			name = Release;
		};
		9EC104ED2AFD9F6D0045FAD6 /* Debug */ = {
			isa = XCBuildConfiguration;
			buildSettings = {
				ALWAYS_EMBED_SWIFT_STANDARD_LIBRARIES = YES;
				CODE_SIGN_STYLE = Automatic;
				CURRENT_PROJECT_VERSION = 1;
				DEVELOPMENT_TEAM = PU64TS56AD;
				GENERATE_INFOPLIST_FILE = YES;
				MARKETING_VERSION = 1.0;
				PRODUCT_BUNDLE_IDENTIFIER = com.soyeon.GithubSearchUITests;
				PRODUCT_NAME = "$(TARGET_NAME)";
				SWIFT_EMIT_LOC_STRINGS = NO;
				SWIFT_VERSION = 5.0;
				TARGETED_DEVICE_FAMILY = "1,2";
				TEST_TARGET_NAME = GithubSearch;
			};
			name = Debug;
		};
		9EC104EE2AFD9F6D0045FAD6 /* Release */ = {
			isa = XCBuildConfiguration;
			buildSettings = {
				ALWAYS_EMBED_SWIFT_STANDARD_LIBRARIES = YES;
				CODE_SIGN_STYLE = Automatic;
				CURRENT_PROJECT_VERSION = 1;
				DEVELOPMENT_TEAM = PU64TS56AD;
				GENERATE_INFOPLIST_FILE = YES;
				MARKETING_VERSION = 1.0;
				PRODUCT_BUNDLE_IDENTIFIER = com.soyeon.GithubSearchUITests;
				PRODUCT_NAME = "$(TARGET_NAME)";
				SWIFT_EMIT_LOC_STRINGS = NO;
				SWIFT_VERSION = 5.0;
				TARGETED_DEVICE_FAMILY = "1,2";
				TEST_TARGET_NAME = GithubSearch;
			};
			name = Release;
		};
/* End XCBuildConfiguration section */

/* Begin XCConfigurationList section */
		9EC104B72AFD9F6B0045FAD6 /* Build configuration list for PBXProject "GithubSearch" */ = {
			isa = XCConfigurationList;
			buildConfigurations = (
				9EC104E42AFD9F6D0045FAD6 /* Debug */,
				9EC104E52AFD9F6D0045FAD6 /* Release */,
			);
			defaultConfigurationIsVisible = 0;
			defaultConfigurationName = Release;
		};
		9EC104E62AFD9F6D0045FAD6 /* Build configuration list for PBXNativeTarget "GithubSearch" */ = {
			isa = XCConfigurationList;
			buildConfigurations = (
				9EC104E72AFD9F6D0045FAD6 /* Debug */,
				9EC104E82AFD9F6D0045FAD6 /* Release */,
			);
			defaultConfigurationIsVisible = 0;
			defaultConfigurationName = Release;
		};
		9EC104E92AFD9F6D0045FAD6 /* Build configuration list for PBXNativeTarget "GithubSearchTests" */ = {
			isa = XCConfigurationList;
			buildConfigurations = (
				9EC104EA2AFD9F6D0045FAD6 /* Debug */,
				9EC104EB2AFD9F6D0045FAD6 /* Release */,
			);
			defaultConfigurationIsVisible = 0;
			defaultConfigurationName = Release;
		};
		9EC104EC2AFD9F6D0045FAD6 /* Build configuration list for PBXNativeTarget "GithubSearchUITests" */ = {
			isa = XCConfigurationList;
			buildConfigurations = (
				9EC104ED2AFD9F6D0045FAD6 /* Debug */,
				9EC104EE2AFD9F6D0045FAD6 /* Release */,
			);
			defaultConfigurationIsVisible = 0;
			defaultConfigurationName = Release;
		};
/* End XCConfigurationList section */

/* Begin XCRemoteSwiftPackageReference section */
		9E5B2FE02B019B310087990E /* XCRemoteSwiftPackageReference "RIBs" */ = {
			isa = XCRemoteSwiftPackageReference;
			repositoryURL = "https://github.com/uber/RIBs.git";
			requirement = {
				kind = upToNextMajorVersion;
				minimumVersion = 0.9.2;
			};
		};
		9EC104F42AFDA0390045FAD6 /* XCRemoteSwiftPackageReference "SnapKit" */ = {
			isa = XCRemoteSwiftPackageReference;
			repositoryURL = "https://github.com/SnapKit/SnapKit.git";
			requirement = {
				kind = upToNextMajorVersion;
				minimumVersion = 5.6.0;
			};
		};
		9EC104F72AFDA04B0045FAD6 /* XCRemoteSwiftPackageReference "ReactorKit" */ = {
			isa = XCRemoteSwiftPackageReference;
			repositoryURL = "https://github.com/ReactorKit/ReactorKit.git";
			requirement = {
				kind = upToNextMajorVersion;
				minimumVersion = 3.2.0;
			};
		};
		9EC104FA2AFDA06D0045FAD6 /* XCRemoteSwiftPackageReference "RxSwift" */ = {
			isa = XCRemoteSwiftPackageReference;
			repositoryURL = "https://github.com/ReactiveX/RxSwift.git";
			requirement = {
				kind = upToNextMajorVersion;
				minimumVersion = 6.6.0;
			};
		};
		9EC105012AFDB32D0045FAD6 /* XCRemoteSwiftPackageReference "Alamofire" */ = {
			isa = XCRemoteSwiftPackageReference;
			repositoryURL = "https://github.com/Alamofire/Alamofire.git";
			requirement = {
				kind = upToNextMajorVersion;
				minimumVersion = 5.8.1;
			};
		};
/* End XCRemoteSwiftPackageReference section */

/* Begin XCSwiftPackageProductDependency section */
		9E5B2FE12B019B310087990E /* RIBs */ = {
			isa = XCSwiftPackageProductDependency;
			package = 9E5B2FE02B019B310087990E /* XCRemoteSwiftPackageReference "RIBs" */;
			productName = RIBs;
		};
		9EC104F52AFDA0390045FAD6 /* SnapKit */ = {
			isa = XCSwiftPackageProductDependency;
			package = 9EC104F42AFDA0390045FAD6 /* XCRemoteSwiftPackageReference "SnapKit" */;
			productName = SnapKit;
		};
		9EC104F82AFDA04B0045FAD6 /* ReactorKit */ = {
			isa = XCSwiftPackageProductDependency;
			package = 9EC104F72AFDA04B0045FAD6 /* XCRemoteSwiftPackageReference "ReactorKit" */;
			productName = ReactorKit;
		};
		9EC104FB2AFDA06D0045FAD6 /* RxCocoa */ = {
			isa = XCSwiftPackageProductDependency;
			package = 9EC104FA2AFDA06D0045FAD6 /* XCRemoteSwiftPackageReference "RxSwift" */;
			productName = RxCocoa;
		};
		9EC105022AFDB32D0045FAD6 /* Alamofire */ = {
			isa = XCSwiftPackageProductDependency;
			package = 9EC105012AFDB32D0045FAD6 /* XCRemoteSwiftPackageReference "Alamofire" */;
			productName = Alamofire;
		};
/* End XCSwiftPackageProductDependency section */
	};
	rootObject = 9EC104B42AFD9F6B0045FAD6 /* Project object */;
}
