// !$*UTF8*$!
{
	archiveVersion = 1;
	classes = {
	};
	objectVersion = 56;
	objects = {

/* Begin PBXBuildFile section */
		9EC105132AFDDE390045FAD6 /* AppDelegate.swift in Sources */ = {isa = PBXBuildFile; fileRef = 9EC105122AFDDE390045FAD6 /* AppDelegate.swift */; };
		9EC105152AFDDE390045FAD6 /* SceneDelegate.swift in Sources */ = {isa = PBXBuildFile; fileRef = 9EC105142AFDDE390045FAD6 /* SceneDelegate.swift */; };
		9EC1051C2AFDDE3B0045FAD6 /* Assets.xcassets in Resources */ = {isa = PBXBuildFile; fileRef = 9EC1051B2AFDDE3B0045FAD6 /* Assets.xcassets */; };
		9EC1051F2AFDDE3B0045FAD6 /* LaunchScreen.storyboard in Resources */ = {isa = PBXBuildFile; fileRef = 9EC1051D2AFDDE3B0045FAD6 /* LaunchScreen.storyboard */; };
		9EC1052A2AFDDE3B0045FAD6 /* TodoTests.swift in Sources */ = {isa = PBXBuildFile; fileRef = 9EC105292AFDDE3B0045FAD6 /* TodoTests.swift */; };
		9EC105342AFDDE3B0045FAD6 /* TodoUITests.swift in Sources */ = {isa = PBXBuildFile; fileRef = 9EC105332AFDDE3B0045FAD6 /* TodoUITests.swift */; };
		9EC105362AFDDE3B0045FAD6 /* TodoUITestsLaunchTests.swift in Sources */ = {isa = PBXBuildFile; fileRef = 9EC105352AFDDE3B0045FAD6 /* TodoUITestsLaunchTests.swift */; };
		9EC105462AFDDEB20045FAD6 /* TaskListViewController.swift in Sources */ = {isa = PBXBuildFile; fileRef = 9EC105452AFDDEB20045FAD6 /* TaskListViewController.swift */; };
		9EC105492AFDDECC0045FAD6 /* ReactorKit in Frameworks */ = {isa = PBXBuildFile; productRef = 9EC105482AFDDECC0045FAD6 /* ReactorKit */; };
		9EC1054C2AFDDED90045FAD6 /* SnapKit in Frameworks */ = {isa = PBXBuildFile; productRef = 9EC1054B2AFDDED90045FAD6 /* SnapKit */; };
		9EC1054F2AFDDEE40045FAD6 /* RxCocoa in Frameworks */ = {isa = PBXBuildFile; productRef = 9EC1054E2AFDDEE40045FAD6 /* RxCocoa */; };
		9EC105512AFDDFD40045FAD6 /* TaskListCell.swift in Sources */ = {isa = PBXBuildFile; fileRef = 9EC105502AFDDFD40045FAD6 /* TaskListCell.swift */; };
		9EC105532AFDDFFB0045FAD6 /* Task.swift in Sources */ = {isa = PBXBuildFile; fileRef = 9EC105522AFDDFFB0045FAD6 /* Task.swift */; };
/* End PBXBuildFile section */

/* Begin PBXContainerItemProxy section */
		9EC105262AFDDE3B0045FAD6 /* PBXContainerItemProxy */ = {
			isa = PBXContainerItemProxy;
			containerPortal = 9EC105072AFDDE390045FAD6 /* Project object */;
			proxyType = 1;
			remoteGlobalIDString = 9EC1050E2AFDDE390045FAD6;
			remoteInfo = Todo;
		};
		9EC105302AFDDE3B0045FAD6 /* PBXContainerItemProxy */ = {
			isa = PBXContainerItemProxy;
			containerPortal = 9EC105072AFDDE390045FAD6 /* Project object */;
			proxyType = 1;
			remoteGlobalIDString = 9EC1050E2AFDDE390045FAD6;
			remoteInfo = Todo;
		};
/* End PBXContainerItemProxy section */

/* Begin PBXFileReference section */
		9EC1050F2AFDDE390045FAD6 /* Todo.app */ = {isa = PBXFileReference; explicitFileType = wrapper.application; includeInIndex = 0; path = Todo.app; sourceTree = BUILT_PRODUCTS_DIR; };
		9EC105122AFDDE390045FAD6 /* AppDelegate.swift */ = {isa = PBXFileReference; lastKnownFileType = sourcecode.swift; path = AppDelegate.swift; sourceTree = "<group>"; };
		9EC105142AFDDE390045FAD6 /* SceneDelegate.swift */ = {isa = PBXFileReference; lastKnownFileType = sourcecode.swift; path = SceneDelegate.swift; sourceTree = "<group>"; };
		9EC1051B2AFDDE3B0045FAD6 /* Assets.xcassets */ = {isa = PBXFileReference; lastKnownFileType = folder.assetcatalog; path = Assets.xcassets; sourceTree = "<group>"; };
		9EC1051E2AFDDE3B0045FAD6 /* Base */ = {isa = PBXFileReference; lastKnownFileType = file.storyboard; name = Base; path = Base.lproj/LaunchScreen.storyboard; sourceTree = "<group>"; };
		9EC105202AFDDE3B0045FAD6 /* Info.plist */ = {isa = PBXFileReference; lastKnownFileType = text.plist.xml; path = Info.plist; sourceTree = "<group>"; };
		9EC105252AFDDE3B0045FAD6 /* TodoTests.xctest */ = {isa = PBXFileReference; explicitFileType = wrapper.cfbundle; includeInIndex = 0; path = TodoTests.xctest; sourceTree = BUILT_PRODUCTS_DIR; };
		9EC105292AFDDE3B0045FAD6 /* TodoTests.swift */ = {isa = PBXFileReference; lastKnownFileType = sourcecode.swift; path = TodoTests.swift; sourceTree = "<group>"; };
		9EC1052F2AFDDE3B0045FAD6 /* TodoUITests.xctest */ = {isa = PBXFileReference; explicitFileType = wrapper.cfbundle; includeInIndex = 0; path = TodoUITests.xctest; sourceTree = BUILT_PRODUCTS_DIR; };
		9EC105332AFDDE3B0045FAD6 /* TodoUITests.swift */ = {isa = PBXFileReference; lastKnownFileType = sourcecode.swift; path = TodoUITests.swift; sourceTree = "<group>"; };
		9EC105352AFDDE3B0045FAD6 /* TodoUITestsLaunchTests.swift */ = {isa = PBXFileReference; lastKnownFileType = sourcecode.swift; path = TodoUITestsLaunchTests.swift; sourceTree = "<group>"; };
		9EC105452AFDDEB20045FAD6 /* TaskListViewController.swift */ = {isa = PBXFileReference; lastKnownFileType = sourcecode.swift; path = TaskListViewController.swift; sourceTree = "<group>"; };
		9EC105502AFDDFD40045FAD6 /* TaskListCell.swift */ = {isa = PBXFileReference; lastKnownFileType = sourcecode.swift; path = TaskListCell.swift; sourceTree = "<group>"; };
		9EC105522AFDDFFB0045FAD6 /* Task.swift */ = {isa = PBXFileReference; lastKnownFileType = sourcecode.swift; path = Task.swift; sourceTree = "<group>"; };
/* End PBXFileReference section */

/* Begin PBXFrameworksBuildPhase section */
		9EC1050C2AFDDE390045FAD6 /* Frameworks */ = {
			isa = PBXFrameworksBuildPhase;
			buildActionMask = 2147483647;
			files = (
				9EC1054F2AFDDEE40045FAD6 /* RxCocoa in Frameworks */,
				9EC105492AFDDECC0045FAD6 /* ReactorKit in Frameworks */,
				9EC1054C2AFDDED90045FAD6 /* SnapKit in Frameworks */,
			);
			runOnlyForDeploymentPostprocessing = 0;
		};
		9EC105222AFDDE3B0045FAD6 /* Frameworks */ = {
			isa = PBXFrameworksBuildPhase;
			buildActionMask = 2147483647;
			files = (
			);
			runOnlyForDeploymentPostprocessing = 0;
		};
		9EC1052C2AFDDE3B0045FAD6 /* Frameworks */ = {
			isa = PBXFrameworksBuildPhase;
			buildActionMask = 2147483647;
			files = (
			);
			runOnlyForDeploymentPostprocessing = 0;
		};
/* End PBXFrameworksBuildPhase section */

/* Begin PBXGroup section */
		9EC105062AFDDE390045FAD6 = {
			isa = PBXGroup;
			children = (
				9EC105112AFDDE390045FAD6 /* Todo */,
				9EC105282AFDDE3B0045FAD6 /* TodoTests */,
				9EC105322AFDDE3B0045FAD6 /* TodoUITests */,
				9EC105102AFDDE390045FAD6 /* Products */,
			);
			sourceTree = "<group>";
		};
		9EC105102AFDDE390045FAD6 /* Products */ = {
			isa = PBXGroup;
			children = (
				9EC1050F2AFDDE390045FAD6 /* Todo.app */,
				9EC105252AFDDE3B0045FAD6 /* TodoTests.xctest */,
				9EC1052F2AFDDE3B0045FAD6 /* TodoUITests.xctest */,
			);
			name = Products;
			sourceTree = "<group>";
		};
		9EC105112AFDDE390045FAD6 /* Todo */ = {
			isa = PBXGroup;
			children = (
				9EC105442AFDDEA40045FAD6 /* TaskList */,
				9EC105432AFDDE4D0045FAD6 /* Resource */,
				9EC105422AFDDE420045FAD6 /* AppStart */,
				9EC105202AFDDE3B0045FAD6 /* Info.plist */,
			);
			path = Todo;
			sourceTree = "<group>";
		};
		9EC105282AFDDE3B0045FAD6 /* TodoTests */ = {
			isa = PBXGroup;
			children = (
				9EC105292AFDDE3B0045FAD6 /* TodoTests.swift */,
			);
			path = TodoTests;
			sourceTree = "<group>";
		};
		9EC105322AFDDE3B0045FAD6 /* TodoUITests */ = {
			isa = PBXGroup;
			children = (
				9EC105332AFDDE3B0045FAD6 /* TodoUITests.swift */,
				9EC105352AFDDE3B0045FAD6 /* TodoUITestsLaunchTests.swift */,
			);
			path = TodoUITests;
			sourceTree = "<group>";
		};
		9EC105422AFDDE420045FAD6 /* AppStart */ = {
			isa = PBXGroup;
			children = (
				9EC105122AFDDE390045FAD6 /* AppDelegate.swift */,
				9EC105142AFDDE390045FAD6 /* SceneDelegate.swift */,
			);
			path = AppStart;
			sourceTree = "<group>";
		};
		9EC105432AFDDE4D0045FAD6 /* Resource */ = {
			isa = PBXGroup;
			children = (
				9EC1051B2AFDDE3B0045FAD6 /* Assets.xcassets */,
				9EC1051D2AFDDE3B0045FAD6 /* LaunchScreen.storyboard */,
			);
			path = Resource;
			sourceTree = "<group>";
		};
		9EC105442AFDDEA40045FAD6 /* TaskList */ = {
			isa = PBXGroup;
			children = (
				9EC105452AFDDEB20045FAD6 /* TaskListViewController.swift */,
				9EC105502AFDDFD40045FAD6 /* TaskListCell.swift */,
				9EC105522AFDDFFB0045FAD6 /* Task.swift */,
			);
			path = TaskList;
			sourceTree = "<group>";
		};
/* End PBXGroup section */

/* Begin PBXNativeTarget section */
		9EC1050E2AFDDE390045FAD6 /* Todo */ = {
			isa = PBXNativeTarget;
			buildConfigurationList = 9EC105392AFDDE3B0045FAD6 /* Build configuration list for PBXNativeTarget "Todo" */;
			buildPhases = (
				9EC1050B2AFDDE390045FAD6 /* Sources */,
				9EC1050C2AFDDE390045FAD6 /* Frameworks */,
				9EC1050D2AFDDE390045FAD6 /* Resources */,
			);
			buildRules = (
			);
			dependencies = (
			);
			name = Todo;
			packageProductDependencies = (
				9EC105482AFDDECC0045FAD6 /* ReactorKit */,
				9EC1054B2AFDDED90045FAD6 /* SnapKit */,
				9EC1054E2AFDDEE40045FAD6 /* RxCocoa */,
			);
			productName = Todo;
			productReference = 9EC1050F2AFDDE390045FAD6 /* Todo.app */;
			productType = "com.apple.product-type.application";
		};
		9EC105242AFDDE3B0045FAD6 /* TodoTests */ = {
			isa = PBXNativeTarget;
			buildConfigurationList = 9EC1053C2AFDDE3B0045FAD6 /* Build configuration list for PBXNativeTarget "TodoTests" */;
			buildPhases = (
				9EC105212AFDDE3B0045FAD6 /* Sources */,
				9EC105222AFDDE3B0045FAD6 /* Frameworks */,
				9EC105232AFDDE3B0045FAD6 /* Resources */,
			);
			buildRules = (
			);
			dependencies = (
				9EC105272AFDDE3B0045FAD6 /* PBXTargetDependency */,
			);
			name = TodoTests;
			productName = TodoTests;
			productReference = 9EC105252AFDDE3B0045FAD6 /* TodoTests.xctest */;
			productType = "com.apple.product-type.bundle.unit-test";
		};
		9EC1052E2AFDDE3B0045FAD6 /* TodoUITests */ = {
			isa = PBXNativeTarget;
			buildConfigurationList = 9EC1053F2AFDDE3B0045FAD6 /* Build configuration list for PBXNativeTarget "TodoUITests" */;
			buildPhases = (
				9EC1052B2AFDDE3B0045FAD6 /* Sources */,
				9EC1052C2AFDDE3B0045FAD6 /* Frameworks */,
				9EC1052D2AFDDE3B0045FAD6 /* Resources */,
			);
			buildRules = (
			);
			dependencies = (
				9EC105312AFDDE3B0045FAD6 /* PBXTargetDependency */,
			);
			name = TodoUITests;
			productName = TodoUITests;
			productReference = 9EC1052F2AFDDE3B0045FAD6 /* TodoUITests.xctest */;
			productType = "com.apple.product-type.bundle.ui-testing";
		};
/* End PBXNativeTarget section */

/* Begin PBXProject section */
		9EC105072AFDDE390045FAD6 /* Project object */ = {
			isa = PBXProject;
			attributes = {
				BuildIndependentTargetsInParallel = 1;
				LastSwiftUpdateCheck = 1500;
				LastUpgradeCheck = 1500;
				TargetAttributes = {
					9EC1050E2AFDDE390045FAD6 = {
						CreatedOnToolsVersion = 15.0.1;
					};
					9EC105242AFDDE3B0045FAD6 = {
						CreatedOnToolsVersion = 15.0.1;
						TestTargetID = 9EC1050E2AFDDE390045FAD6;
					};
					9EC1052E2AFDDE3B0045FAD6 = {
						CreatedOnToolsVersion = 15.0.1;
						TestTargetID = 9EC1050E2AFDDE390045FAD6;
					};
				};
			};
			buildConfigurationList = 9EC1050A2AFDDE390045FAD6 /* Build configuration list for PBXProject "Todo" */;
			compatibilityVersion = "Xcode 14.0";
			developmentRegion = en;
			hasScannedForEncodings = 0;
			knownRegions = (
				en,
				Base,
			);
			mainGroup = 9EC105062AFDDE390045FAD6;
			packageReferences = (
				9EC105472AFDDECC0045FAD6 /* XCRemoteSwiftPackageReference "ReactorKit" */,
				9EC1054A2AFDDED90045FAD6 /* XCRemoteSwiftPackageReference "SnapKit" */,
				9EC1054D2AFDDEE40045FAD6 /* XCRemoteSwiftPackageReference "RxSwift" */,
			);
			productRefGroup = 9EC105102AFDDE390045FAD6 /* Products */;
			projectDirPath = "";
			projectRoot = "";
			targets = (
				9EC1050E2AFDDE390045FAD6 /* Todo */,
				9EC105242AFDDE3B0045FAD6 /* TodoTests */,
				9EC1052E2AFDDE3B0045FAD6 /* TodoUITests */,
			);
		};
/* End PBXProject section */

/* Begin PBXResourcesBuildPhase section */
		9EC1050D2AFDDE390045FAD6 /* Resources */ = {
			isa = PBXResourcesBuildPhase;
			buildActionMask = 2147483647;
			files = (
				9EC1051F2AFDDE3B0045FAD6 /* LaunchScreen.storyboard in Resources */,
				9EC1051C2AFDDE3B0045FAD6 /* Assets.xcassets in Resources */,
			);
			runOnlyForDeploymentPostprocessing = 0;
		};
		9EC105232AFDDE3B0045FAD6 /* Resources */ = {
			isa = PBXResourcesBuildPhase;
			buildActionMask = 2147483647;
			files = (
			);
			runOnlyForDeploymentPostprocessing = 0;
		};
		9EC1052D2AFDDE3B0045FAD6 /* Resources */ = {
			isa = PBXResourcesBuildPhase;
			buildActionMask = 2147483647;
			files = (
			);
			runOnlyForDeploymentPostprocessing = 0;
		};
/* End PBXResourcesBuildPhase section */

/* Begin PBXSourcesBuildPhase section */
		9EC1050B2AFDDE390045FAD6 /* Sources */ = {
			isa = PBXSourcesBuildPhase;
			buildActionMask = 2147483647;
			files = (
				9EC105512AFDDFD40045FAD6 /* TaskListCell.swift in Sources */,
				9EC105132AFDDE390045FAD6 /* AppDelegate.swift in Sources */,
				9EC105532AFDDFFB0045FAD6 /* Task.swift in Sources */,
				9EC105152AFDDE390045FAD6 /* SceneDelegate.swift in Sources */,
				9EC105462AFDDEB20045FAD6 /* TaskListViewController.swift in Sources */,
			);
			runOnlyForDeploymentPostprocessing = 0;
		};
		9EC105212AFDDE3B0045FAD6 /* Sources */ = {
			isa = PBXSourcesBuildPhase;
			buildActionMask = 2147483647;
			files = (
				9EC1052A2AFDDE3B0045FAD6 /* TodoTests.swift in Sources */,
			);
			runOnlyForDeploymentPostprocessing = 0;
		};
		9EC1052B2AFDDE3B0045FAD6 /* Sources */ = {
			isa = PBXSourcesBuildPhase;
			buildActionMask = 2147483647;
			files = (
				9EC105362AFDDE3B0045FAD6 /* TodoUITestsLaunchTests.swift in Sources */,
				9EC105342AFDDE3B0045FAD6 /* TodoUITests.swift in Sources */,
			);
			runOnlyForDeploymentPostprocessing = 0;
		};
/* End PBXSourcesBuildPhase section */

/* Begin PBXTargetDependency section */
		9EC105272AFDDE3B0045FAD6 /* PBXTargetDependency */ = {
			isa = PBXTargetDependency;
			target = 9EC1050E2AFDDE390045FAD6 /* Todo */;
			targetProxy = 9EC105262AFDDE3B0045FAD6 /* PBXContainerItemProxy */;
		};
		9EC105312AFDDE3B0045FAD6 /* PBXTargetDependency */ = {
			isa = PBXTargetDependency;
			target = 9EC1050E2AFDDE390045FAD6 /* Todo */;
			targetProxy = 9EC105302AFDDE3B0045FAD6 /* PBXContainerItemProxy */;
		};
/* End PBXTargetDependency section */

/* Begin PBXVariantGroup section */
		9EC1051D2AFDDE3B0045FAD6 /* LaunchScreen.storyboard */ = {
			isa = PBXVariantGroup;
			children = (
				9EC1051E2AFDDE3B0045FAD6 /* Base */,
			);
			name = LaunchScreen.storyboard;
			sourceTree = "<group>";
		};
/* End PBXVariantGroup section */

/* Begin XCBuildConfiguration section */
		9EC105372AFDDE3B0045FAD6 /* Debug */ = {
			isa = XCBuildConfiguration;
			buildSettings = {
				ALWAYS_SEARCH_USER_PATHS = NO;
				ASSETCATALOG_COMPILER_GENERATE_SWIFT_ASSET_SYMBOL_EXTENSIONS = YES;
				CLANG_ANALYZER_NONNULL = YES;
				CLANG_ANALYZER_NUMBER_OBJECT_CONVERSION = YES_AGGRESSIVE;
				CLANG_CXX_LANGUAGE_STANDARD = "gnu++20";
				CLANG_ENABLE_MODULES = YES;
				CLANG_ENABLE_OBJC_ARC = YES;
				CLANG_ENABLE_OBJC_WEAK = YES;
				CLANG_WARN_BLOCK_CAPTURE_AUTORELEASING = YES;
				CLANG_WARN_BOOL_CONVERSION = YES;
				CLANG_WARN_COMMA = YES;
				CLANG_WARN_CONSTANT_CONVERSION = YES;
				CLANG_WARN_DEPRECATED_OBJC_IMPLEMENTATIONS = YES;
				CLANG_WARN_DIRECT_OBJC_ISA_USAGE = YES_ERROR;
				CLANG_WARN_DOCUMENTATION_COMMENTS = YES;
				CLANG_WARN_EMPTY_BODY = YES;
				CLANG_WARN_ENUM_CONVERSION = YES;
				CLANG_WARN_INFINITE_RECURSION = YES;
				CLANG_WARN_INT_CONVERSION = YES;
				CLANG_WARN_NON_LITERAL_NULL_CONVERSION = YES;
				CLANG_WARN_OBJC_IMPLICIT_RETAIN_SELF = YES;
				CLANG_WARN_OBJC_LITERAL_CONVERSION = YES;
				CLANG_WARN_OBJC_ROOT_CLASS = YES_ERROR;
				CLANG_WARN_QUOTED_INCLUDE_IN_FRAMEWORK_HEADER = YES;
				CLANG_WARN_RANGE_LOOP_ANALYSIS = YES;
				CLANG_WARN_STRICT_PROTOTYPES = YES;
				CLANG_WARN_SUSPICIOUS_MOVE = YES;
				CLANG_WARN_UNGUARDED_AVAILABILITY = YES_AGGRESSIVE;
				CLANG_WARN_UNREACHABLE_CODE = YES;
				CLANG_WARN__DUPLICATE_METHOD_MATCH = YES;
				COPY_PHASE_STRIP = NO;
				DEBUG_INFORMATION_FORMAT = dwarf;
				ENABLE_STRICT_OBJC_MSGSEND = YES;
				ENABLE_TESTABILITY = YES;
				ENABLE_USER_SCRIPT_SANDBOXING = YES;
				GCC_C_LANGUAGE_STANDARD = gnu17;
				GCC_DYNAMIC_NO_PIC = NO;
				GCC_NO_COMMON_BLOCKS = YES;
				GCC_OPTIMIZATION_LEVEL = 0;
				GCC_PREPROCESSOR_DEFINITIONS = (
					"DEBUG=1",
					"$(inherited)",
				);
				GCC_WARN_64_TO_32_BIT_CONVERSION = YES;
				GCC_WARN_ABOUT_RETURN_TYPE = YES_ERROR;
				GCC_WARN_UNDECLARED_SELECTOR = YES;
				GCC_WARN_UNINITIALIZED_AUTOS = YES_AGGRESSIVE;
				GCC_WARN_UNUSED_FUNCTION = YES;
				GCC_WARN_UNUSED_VARIABLE = YES;
				IPHONEOS_DEPLOYMENT_TARGET = 17.0;
				LOCALIZATION_PREFERS_STRING_CATALOGS = YES;
				MTL_ENABLE_DEBUG_INFO = INCLUDE_SOURCE;
				MTL_FAST_MATH = YES;
				ONLY_ACTIVE_ARCH = YES;
				SDKROOT = iphoneos;
				SWIFT_ACTIVE_COMPILATION_CONDITIONS = "DEBUG $(inherited)";
				SWIFT_OPTIMIZATION_LEVEL = "-Onone";
			};
			name = Debug;
		};
		9EC105382AFDDE3B0045FAD6 /* Release */ = {
			isa = XCBuildConfiguration;
			buildSettings = {
				ALWAYS_SEARCH_USER_PATHS = NO;
				ASSETCATALOG_COMPILER_GENERATE_SWIFT_ASSET_SYMBOL_EXTENSIONS = YES;
				CLANG_ANALYZER_NONNULL = YES;
				CLANG_ANALYZER_NUMBER_OBJECT_CONVERSION = YES_AGGRESSIVE;
				CLANG_CXX_LANGUAGE_STANDARD = "gnu++20";
				CLANG_ENABLE_MODULES = YES;
				CLANG_ENABLE_OBJC_ARC = YES;
				CLANG_ENABLE_OBJC_WEAK = YES;
				CLANG_WARN_BLOCK_CAPTURE_AUTORELEASING = YES;
				CLANG_WARN_BOOL_CONVERSION = YES;
				CLANG_WARN_COMMA = YES;
				CLANG_WARN_CONSTANT_CONVERSION = YES;
				CLANG_WARN_DEPRECATED_OBJC_IMPLEMENTATIONS = YES;
				CLANG_WARN_DIRECT_OBJC_ISA_USAGE = YES_ERROR;
				CLANG_WARN_DOCUMENTATION_COMMENTS = YES;
				CLANG_WARN_EMPTY_BODY = YES;
				CLANG_WARN_ENUM_CONVERSION = YES;
				CLANG_WARN_INFINITE_RECURSION = YES;
				CLANG_WARN_INT_CONVERSION = YES;
				CLANG_WARN_NON_LITERAL_NULL_CONVERSION = YES;
				CLANG_WARN_OBJC_IMPLICIT_RETAIN_SELF = YES;
				CLANG_WARN_OBJC_LITERAL_CONVERSION = YES;
				CLANG_WARN_OBJC_ROOT_CLASS = YES_ERROR;
				CLANG_WARN_QUOTED_INCLUDE_IN_FRAMEWORK_HEADER = YES;
				CLANG_WARN_RANGE_LOOP_ANALYSIS = YES;
				CLANG_WARN_STRICT_PROTOTYPES = YES;
				CLANG_WARN_SUSPICIOUS_MOVE = YES;
				CLANG_WARN_UNGUARDED_AVAILABILITY = YES_AGGRESSIVE;
				CLANG_WARN_UNREACHABLE_CODE = YES;
				CLANG_WARN__DUPLICATE_METHOD_MATCH = YES;
				COPY_PHASE_STRIP = NO;
				DEBUG_INFORMATION_FORMAT = "dwarf-with-dsym";
				ENABLE_NS_ASSERTIONS = NO;
				ENABLE_STRICT_OBJC_MSGSEND = YES;
				ENABLE_USER_SCRIPT_SANDBOXING = YES;
				GCC_C_LANGUAGE_STANDARD = gnu17;
				GCC_NO_COMMON_BLOCKS = YES;
				GCC_WARN_64_TO_32_BIT_CONVERSION = YES;
				GCC_WARN_ABOUT_RETURN_TYPE = YES_ERROR;
				GCC_WARN_UNDECLARED_SELECTOR = YES;
				GCC_WARN_UNINITIALIZED_AUTOS = YES_AGGRESSIVE;
				GCC_WARN_UNUSED_FUNCTION = YES;
				GCC_WARN_UNUSED_VARIABLE = YES;
				IPHONEOS_DEPLOYMENT_TARGET = 17.0;
				LOCALIZATION_PREFERS_STRING_CATALOGS = YES;
				MTL_ENABLE_DEBUG_INFO = NO;
				MTL_FAST_MATH = YES;
				SDKROOT = iphoneos;
				SWIFT_COMPILATION_MODE = wholemodule;
				VALIDATE_PRODUCT = YES;
			};
			name = Release;
		};
		9EC1053A2AFDDE3B0045FAD6 /* Debug */ = {
			isa = XCBuildConfiguration;
			buildSettings = {
				ASSETCATALOG_COMPILER_APPICON_NAME = AppIcon;
				ASSETCATALOG_COMPILER_GLOBAL_ACCENT_COLOR_NAME = AccentColor;
				CODE_SIGN_STYLE = Automatic;
				CURRENT_PROJECT_VERSION = 1;
				DEVELOPMENT_TEAM = PU64TS56AD;
				GENERATE_INFOPLIST_FILE = YES;
				INFOPLIST_FILE = Todo/Info.plist;
				INFOPLIST_KEY_UIApplicationSupportsIndirectInputEvents = YES;
				INFOPLIST_KEY_UILaunchStoryboardName = LaunchScreen;
				INFOPLIST_KEY_UISupportedInterfaceOrientations_iPad = "UIInterfaceOrientationPortrait UIInterfaceOrientationPortraitUpsideDown UIInterfaceOrientationLandscapeLeft UIInterfaceOrientationLandscapeRight";
				INFOPLIST_KEY_UISupportedInterfaceOrientations_iPhone = "UIInterfaceOrientationPortrait UIInterfaceOrientationLandscapeLeft UIInterfaceOrientationLandscapeRight";
				LD_RUNPATH_SEARCH_PATHS = (
					"$(inherited)",
					"@executable_path/Frameworks",
				);
				MARKETING_VERSION = 1.0;
				PRODUCT_BUNDLE_IDENTIFIER = com.soyeon.Todo;
				PRODUCT_NAME = "$(TARGET_NAME)";
				SWIFT_EMIT_LOC_STRINGS = YES;
				SWIFT_VERSION = 5.0;
				TARGETED_DEVICE_FAMILY = "1,2";
			};
			name = Debug;
		};
		9EC1053B2AFDDE3B0045FAD6 /* Release */ = {
			isa = XCBuildConfiguration;
			buildSettings = {
				ASSETCATALOG_COMPILER_APPICON_NAME = AppIcon;
				ASSETCATALOG_COMPILER_GLOBAL_ACCENT_COLOR_NAME = AccentColor;
				CODE_SIGN_STYLE = Automatic;
				CURRENT_PROJECT_VERSION = 1;
				DEVELOPMENT_TEAM = PU64TS56AD;
				GENERATE_INFOPLIST_FILE = YES;
				INFOPLIST_FILE = Todo/Info.plist;
				INFOPLIST_KEY_UIApplicationSupportsIndirectInputEvents = YES;
				INFOPLIST_KEY_UILaunchStoryboardName = LaunchScreen;
				INFOPLIST_KEY_UISupportedInterfaceOrientations_iPad = "UIInterfaceOrientationPortrait UIInterfaceOrientationPortraitUpsideDown UIInterfaceOrientationLandscapeLeft UIInterfaceOrientationLandscapeRight";
				INFOPLIST_KEY_UISupportedInterfaceOrientations_iPhone = "UIInterfaceOrientationPortrait UIInterfaceOrientationLandscapeLeft UIInterfaceOrientationLandscapeRight";
				LD_RUNPATH_SEARCH_PATHS = (
					"$(inherited)",
					"@executable_path/Frameworks",
				);
				MARKETING_VERSION = 1.0;
				PRODUCT_BUNDLE_IDENTIFIER = com.soyeon.Todo;
				PRODUCT_NAME = "$(TARGET_NAME)";
				SWIFT_EMIT_LOC_STRINGS = YES;
				SWIFT_VERSION = 5.0;
				TARGETED_DEVICE_FAMILY = "1,2";
			};
			name = Release;
		};
		9EC1053D2AFDDE3B0045FAD6 /* Debug */ = {
			isa = XCBuildConfiguration;
			buildSettings = {
				ALWAYS_EMBED_SWIFT_STANDARD_LIBRARIES = YES;
				BUNDLE_LOADER = "$(TEST_HOST)";
				CODE_SIGN_STYLE = Automatic;
				CURRENT_PROJECT_VERSION = 1;
				DEVELOPMENT_TEAM = PU64TS56AD;
				GENERATE_INFOPLIST_FILE = YES;
				IPHONEOS_DEPLOYMENT_TARGET = 17.0;
				MARKETING_VERSION = 1.0;
				PRODUCT_BUNDLE_IDENTIFIER = com.soyeon.TodoTests;
				PRODUCT_NAME = "$(TARGET_NAME)";
				SWIFT_EMIT_LOC_STRINGS = NO;
				SWIFT_VERSION = 5.0;
				TARGETED_DEVICE_FAMILY = "1,2";
				TEST_HOST = "$(BUILT_PRODUCTS_DIR)/Todo.app/$(BUNDLE_EXECUTABLE_FOLDER_PATH)/Todo";
			};
			name = Debug;
		};
		9EC1053E2AFDDE3B0045FAD6 /* Release */ = {
			isa = XCBuildConfiguration;
			buildSettings = {
				ALWAYS_EMBED_SWIFT_STANDARD_LIBRARIES = YES;
				BUNDLE_LOADER = "$(TEST_HOST)";
				CODE_SIGN_STYLE = Automatic;
				CURRENT_PROJECT_VERSION = 1;
				DEVELOPMENT_TEAM = PU64TS56AD;
				GENERATE_INFOPLIST_FILE = YES;
				IPHONEOS_DEPLOYMENT_TARGET = 17.0;
				MARKETING_VERSION = 1.0;
				PRODUCT_BUNDLE_IDENTIFIER = com.soyeon.TodoTests;
				PRODUCT_NAME = "$(TARGET_NAME)";
				SWIFT_EMIT_LOC_STRINGS = NO;
				SWIFT_VERSION = 5.0;
				TARGETED_DEVICE_FAMILY = "1,2";
				TEST_HOST = "$(BUILT_PRODUCTS_DIR)/Todo.app/$(BUNDLE_EXECUTABLE_FOLDER_PATH)/Todo";
			};
			name = Release;
		};
		9EC105402AFDDE3B0045FAD6 /* Debug */ = {
			isa = XCBuildConfiguration;
			buildSettings = {
				ALWAYS_EMBED_SWIFT_STANDARD_LIBRARIES = YES;
				CODE_SIGN_STYLE = Automatic;
				CURRENT_PROJECT_VERSION = 1;
				DEVELOPMENT_TEAM = PU64TS56AD;
				GENERATE_INFOPLIST_FILE = YES;
				MARKETING_VERSION = 1.0;
				PRODUCT_BUNDLE_IDENTIFIER = com.soyeon.TodoUITests;
				PRODUCT_NAME = "$(TARGET_NAME)";
				SWIFT_EMIT_LOC_STRINGS = NO;
				SWIFT_VERSION = 5.0;
				TARGETED_DEVICE_FAMILY = "1,2";
				TEST_TARGET_NAME = Todo;
			};
			name = Debug;
		};
		9EC105412AFDDE3B0045FAD6 /* Release */ = {
			isa = XCBuildConfiguration;
			buildSettings = {
				ALWAYS_EMBED_SWIFT_STANDARD_LIBRARIES = YES;
				CODE_SIGN_STYLE = Automatic;
				CURRENT_PROJECT_VERSION = 1;
				DEVELOPMENT_TEAM = PU64TS56AD;
				GENERATE_INFOPLIST_FILE = YES;
				MARKETING_VERSION = 1.0;
				PRODUCT_BUNDLE_IDENTIFIER = com.soyeon.TodoUITests;
				PRODUCT_NAME = "$(TARGET_NAME)";
				SWIFT_EMIT_LOC_STRINGS = NO;
				SWIFT_VERSION = 5.0;
				TARGETED_DEVICE_FAMILY = "1,2";
				TEST_TARGET_NAME = Todo;
			};
			name = Release;
		};
/* End XCBuildConfiguration section */

/* Begin XCConfigurationList section */
		9EC1050A2AFDDE390045FAD6 /* Build configuration list for PBXProject "Todo" */ = {
			isa = XCConfigurationList;
			buildConfigurations = (
				9EC105372AFDDE3B0045FAD6 /* Debug */,
				9EC105382AFDDE3B0045FAD6 /* Release */,
			);
			defaultConfigurationIsVisible = 0;
			defaultConfigurationName = Release;
		};
		9EC105392AFDDE3B0045FAD6 /* Build configuration list for PBXNativeTarget "Todo" */ = {
			isa = XCConfigurationList;
			buildConfigurations = (
				9EC1053A2AFDDE3B0045FAD6 /* Debug */,
				9EC1053B2AFDDE3B0045FAD6 /* Release */,
			);
			defaultConfigurationIsVisible = 0;
			defaultConfigurationName = Release;
		};
		9EC1053C2AFDDE3B0045FAD6 /* Build configuration list for PBXNativeTarget "TodoTests" */ = {
			isa = XCConfigurationList;
			buildConfigurations = (
				9EC1053D2AFDDE3B0045FAD6 /* Debug */,
				9EC1053E2AFDDE3B0045FAD6 /* Release */,
			);
			defaultConfigurationIsVisible = 0;
			defaultConfigurationName = Release;
		};
		9EC1053F2AFDDE3B0045FAD6 /* Build configuration list for PBXNativeTarget "TodoUITests" */ = {
			isa = XCConfigurationList;
			buildConfigurations = (
				9EC105402AFDDE3B0045FAD6 /* Debug */,
				9EC105412AFDDE3B0045FAD6 /* Release */,
			);
			defaultConfigurationIsVisible = 0;
			defaultConfigurationName = Release;
		};
/* End XCConfigurationList section */

/* Begin XCRemoteSwiftPackageReference section */
		9EC105472AFDDECC0045FAD6 /* XCRemoteSwiftPackageReference "ReactorKit" */ = {
			isa = XCRemoteSwiftPackageReference;
			repositoryURL = "https://github.com/ReactorKit/ReactorKit.git";
			requirement = {
				kind = upToNextMajorVersion;
				minimumVersion = 3.2.0;
			};
		};
		9EC1054A2AFDDED90045FAD6 /* XCRemoteSwiftPackageReference "SnapKit" */ = {
			isa = XCRemoteSwiftPackageReference;
			repositoryURL = "https://github.com/SnapKit/SnapKit.git";
			requirement = {
				kind = upToNextMajorVersion;
				minimumVersion = 5.6.0;
			};
		};
		9EC1054D2AFDDEE40045FAD6 /* XCRemoteSwiftPackageReference "RxSwift" */ = {
			isa = XCRemoteSwiftPackageReference;
			repositoryURL = "https://github.com/ReactiveX/RxSwift.git";
			requirement = {
				kind = upToNextMajorVersion;
				minimumVersion = 6.6.0;
			};
		};
/* End XCRemoteSwiftPackageReference section */

/* Begin XCSwiftPackageProductDependency section */
		9EC105482AFDDECC0045FAD6 /* ReactorKit */ = {
			isa = XCSwiftPackageProductDependency;
			package = 9EC105472AFDDECC0045FAD6 /* XCRemoteSwiftPackageReference "ReactorKit" */;
			productName = ReactorKit;
		};
		9EC1054B2AFDDED90045FAD6 /* SnapKit */ = {
			isa = XCSwiftPackageProductDependency;
			package = 9EC1054A2AFDDED90045FAD6 /* XCRemoteSwiftPackageReference "SnapKit" */;
			productName = SnapKit;
		};
		9EC1054E2AFDDEE40045FAD6 /* RxCocoa */ = {
			isa = XCSwiftPackageProductDependency;
			package = 9EC1054D2AFDDEE40045FAD6 /* XCRemoteSwiftPackageReference "RxSwift" */;
			productName = RxCocoa;
		};
/* End XCSwiftPackageProductDependency section */
	};
	rootObject = 9EC105072AFDDE390045FAD6 /* Project object */;
}
